// !$*UTF8*$!
{
	archiveVersion = 1;
	classes = {
	};
	objectVersion = 50;
	objects = {

/* Begin PBXBuildFile section */
		076530B9ECD7BA2F5FEBB3A5 /* Pods_NASA.framework in Frameworks */ = {isa = PBXBuildFile; fileRef = 7AB191BE402304951EB6FDB7 /* Pods_NASA.framework */; };
		9FC9667025D71F1200830EF7 /* AppDelegate.swift in Sources */ = {isa = PBXBuildFile; fileRef = 9FC9666F25D71F1200830EF7 /* AppDelegate.swift */; };
		9FC9667225D71F1200830EF7 /* SceneDelegate.swift in Sources */ = {isa = PBXBuildFile; fileRef = 9FC9667125D71F1200830EF7 /* SceneDelegate.swift */; };
		9FC9667425D71F1200830EF7 /* ViewController.swift in Sources */ = {isa = PBXBuildFile; fileRef = 9FC9667325D71F1200830EF7 /* ViewController.swift */; };
		9FC9667725D71F1200830EF7 /* Main.storyboard in Resources */ = {isa = PBXBuildFile; fileRef = 9FC9667525D71F1200830EF7 /* Main.storyboard */; };
		9FC9667A25D71F1200830EF7 /* NASA.xcdatamodeld in Sources */ = {isa = PBXBuildFile; fileRef = 9FC9667825D71F1200830EF7 /* NASA.xcdatamodeld */; };
		9FC9667C25D71F1300830EF7 /* Assets.xcassets in Resources */ = {isa = PBXBuildFile; fileRef = 9FC9667B25D71F1300830EF7 /* Assets.xcassets */; };
		9FC9667F25D71F1300830EF7 /* LaunchScreen.storyboard in Resources */ = {isa = PBXBuildFile; fileRef = 9FC9667D25D71F1300830EF7 /* LaunchScreen.storyboard */; };
		9FC9668A25D71F1400830EF7 /* NASATests.swift in Sources */ = {isa = PBXBuildFile; fileRef = 9FC9668925D71F1400830EF7 /* NASATests.swift */; };
		9FC9669525D71F1400830EF7 /* NASAUITests.swift in Sources */ = {isa = PBXBuildFile; fileRef = 9FC9669425D71F1400830EF7 /* NASAUITests.swift */; };
		CF055486AC1270A16AA4CB9A /* Pods_NASA_NASAUITests.framework in Frameworks */ = {isa = PBXBuildFile; fileRef = 3B551707C7603AC0DCE0F3ED /* Pods_NASA_NASAUITests.framework */; };
		FB3B7934F5B4D5562D211D5B /* Pods_NASATests.framework in Frameworks */ = {isa = PBXBuildFile; fileRef = DD36A2C89A2A847040B0510D /* Pods_NASATests.framework */; };
/* End PBXBuildFile section */

/* Begin PBXContainerItemProxy section */
		9FC9668625D71F1400830EF7 /* PBXContainerItemProxy */ = {
			isa = PBXContainerItemProxy;
			containerPortal = 9FC9666425D71F1200830EF7 /* Project object */;
			proxyType = 1;
			remoteGlobalIDString = 9FC9666B25D71F1200830EF7;
			remoteInfo = NASA;
		};
		9FC9669125D71F1400830EF7 /* PBXContainerItemProxy */ = {
			isa = PBXContainerItemProxy;
			containerPortal = 9FC9666425D71F1200830EF7 /* Project object */;
			proxyType = 1;
			remoteGlobalIDString = 9FC9666B25D71F1200830EF7;
			remoteInfo = NASA;
		};
/* End PBXContainerItemProxy section */

/* Begin PBXFileReference section */
		1152D8FDE598B6BEBB5577EA /* Pods-NASATests.debug.xcconfig */ = {isa = PBXFileReference; includeInIndex = 1; lastKnownFileType = text.xcconfig; name = "Pods-NASATests.debug.xcconfig"; path = "Target Support Files/Pods-NASATests/Pods-NASATests.debug.xcconfig"; sourceTree = "<group>"; };
		278187EE07FE72B84EC084B0 /* Pods-NASA.release.xcconfig */ = {isa = PBXFileReference; includeInIndex = 1; lastKnownFileType = text.xcconfig; name = "Pods-NASA.release.xcconfig"; path = "Target Support Files/Pods-NASA/Pods-NASA.release.xcconfig"; sourceTree = "<group>"; };
		3B551707C7603AC0DCE0F3ED /* Pods_NASA_NASAUITests.framework */ = {isa = PBXFileReference; explicitFileType = wrapper.framework; includeInIndex = 0; path = Pods_NASA_NASAUITests.framework; sourceTree = BUILT_PRODUCTS_DIR; };
		475D9D734BF409060933FBA5 /* Pods-NASA-NASAUITests.release.xcconfig */ = {isa = PBXFileReference; includeInIndex = 1; lastKnownFileType = text.xcconfig; name = "Pods-NASA-NASAUITests.release.xcconfig"; path = "Target Support Files/Pods-NASA-NASAUITests/Pods-NASA-NASAUITests.release.xcconfig"; sourceTree = "<group>"; };
		56B393A8E70F7E07B511194F /* Pods-NASATests.release.xcconfig */ = {isa = PBXFileReference; includeInIndex = 1; lastKnownFileType = text.xcconfig; name = "Pods-NASATests.release.xcconfig"; path = "Target Support Files/Pods-NASATests/Pods-NASATests.release.xcconfig"; sourceTree = "<group>"; };
		7AB191BE402304951EB6FDB7 /* Pods_NASA.framework */ = {isa = PBXFileReference; explicitFileType = wrapper.framework; includeInIndex = 0; path = Pods_NASA.framework; sourceTree = BUILT_PRODUCTS_DIR; };
		87FC1F343D32079E3E726161 /* Pods-NASA-NASAUITests.debug.xcconfig */ = {isa = PBXFileReference; includeInIndex = 1; lastKnownFileType = text.xcconfig; name = "Pods-NASA-NASAUITests.debug.xcconfig"; path = "Target Support Files/Pods-NASA-NASAUITests/Pods-NASA-NASAUITests.debug.xcconfig"; sourceTree = "<group>"; };
		9165316174BE1C8AC3C36238 /* Pods-NASA.debug.xcconfig */ = {isa = PBXFileReference; includeInIndex = 1; lastKnownFileType = text.xcconfig; name = "Pods-NASA.debug.xcconfig"; path = "Target Support Files/Pods-NASA/Pods-NASA.debug.xcconfig"; sourceTree = "<group>"; };
		9FC9666C25D71F1200830EF7 /* NASA.app */ = {isa = PBXFileReference; explicitFileType = wrapper.application; includeInIndex = 0; path = NASA.app; sourceTree = BUILT_PRODUCTS_DIR; };
		9FC9666F25D71F1200830EF7 /* AppDelegate.swift */ = {isa = PBXFileReference; lastKnownFileType = sourcecode.swift; path = AppDelegate.swift; sourceTree = "<group>"; };
		9FC9667125D71F1200830EF7 /* SceneDelegate.swift */ = {isa = PBXFileReference; lastKnownFileType = sourcecode.swift; path = SceneDelegate.swift; sourceTree = "<group>"; };
		9FC9667325D71F1200830EF7 /* ViewController.swift */ = {isa = PBXFileReference; lastKnownFileType = sourcecode.swift; path = ViewController.swift; sourceTree = "<group>"; };
		9FC9667625D71F1200830EF7 /* Base */ = {isa = PBXFileReference; lastKnownFileType = file.storyboard; name = Base; path = Base.lproj/Main.storyboard; sourceTree = "<group>"; };
		9FC9667925D71F1200830EF7 /* NASA.xcdatamodel */ = {isa = PBXFileReference; lastKnownFileType = wrapper.xcdatamodel; path = NASA.xcdatamodel; sourceTree = "<group>"; };
		9FC9667B25D71F1300830EF7 /* Assets.xcassets */ = {isa = PBXFileReference; lastKnownFileType = folder.assetcatalog; path = Assets.xcassets; sourceTree = "<group>"; };
		9FC9667E25D71F1300830EF7 /* Base */ = {isa = PBXFileReference; lastKnownFileType = file.storyboard; name = Base; path = Base.lproj/LaunchScreen.storyboard; sourceTree = "<group>"; };
		9FC9668025D71F1300830EF7 /* Info.plist */ = {isa = PBXFileReference; lastKnownFileType = text.plist.xml; path = Info.plist; sourceTree = "<group>"; };
		9FC9668525D71F1400830EF7 /* NASATests.xctest */ = {isa = PBXFileReference; explicitFileType = wrapper.cfbundle; includeInIndex = 0; path = NASATests.xctest; sourceTree = BUILT_PRODUCTS_DIR; };
		9FC9668925D71F1400830EF7 /* NASATests.swift */ = {isa = PBXFileReference; lastKnownFileType = sourcecode.swift; path = NASATests.swift; sourceTree = "<group>"; };
		9FC9668B25D71F1400830EF7 /* Info.plist */ = {isa = PBXFileReference; lastKnownFileType = text.plist.xml; path = Info.plist; sourceTree = "<group>"; };
		9FC9669025D71F1400830EF7 /* NASAUITests.xctest */ = {isa = PBXFileReference; explicitFileType = wrapper.cfbundle; includeInIndex = 0; path = NASAUITests.xctest; sourceTree = BUILT_PRODUCTS_DIR; };
		9FC9669425D71F1400830EF7 /* NASAUITests.swift */ = {isa = PBXFileReference; lastKnownFileType = sourcecode.swift; path = NASAUITests.swift; sourceTree = "<group>"; };
		9FC9669625D71F1400830EF7 /* Info.plist */ = {isa = PBXFileReference; lastKnownFileType = text.plist.xml; path = Info.plist; sourceTree = "<group>"; };
		DD36A2C89A2A847040B0510D /* Pods_NASATests.framework */ = {isa = PBXFileReference; explicitFileType = wrapper.framework; includeInIndex = 0; path = Pods_NASATests.framework; sourceTree = BUILT_PRODUCTS_DIR; };
/* End PBXFileReference section */

/* Begin PBXFrameworksBuildPhase section */
		9FC9666925D71F1200830EF7 /* Frameworks */ = {
			isa = PBXFrameworksBuildPhase;
			buildActionMask = 2147483647;
			files = (
				076530B9ECD7BA2F5FEBB3A5 /* Pods_NASA.framework in Frameworks */,
			);
			runOnlyForDeploymentPostprocessing = 0;
		};
		9FC9668225D71F1400830EF7 /* Frameworks */ = {
			isa = PBXFrameworksBuildPhase;
			buildActionMask = 2147483647;
			files = (
				FB3B7934F5B4D5562D211D5B /* Pods_NASATests.framework in Frameworks */,
			);
			runOnlyForDeploymentPostprocessing = 0;
		};
		9FC9668D25D71F1400830EF7 /* Frameworks */ = {
			isa = PBXFrameworksBuildPhase;
			buildActionMask = 2147483647;
			files = (
				CF055486AC1270A16AA4CB9A /* Pods_NASA_NASAUITests.framework in Frameworks */,
			);
			runOnlyForDeploymentPostprocessing = 0;
		};
/* End PBXFrameworksBuildPhase section */

/* Begin PBXGroup section */
		3A97C2711AD191399C78AB33 /* Pods */ = {
			isa = PBXGroup;
			children = (
				9165316174BE1C8AC3C36238 /* Pods-NASA.debug.xcconfig */,
				278187EE07FE72B84EC084B0 /* Pods-NASA.release.xcconfig */,
				87FC1F343D32079E3E726161 /* Pods-NASA-NASAUITests.debug.xcconfig */,
				475D9D734BF409060933FBA5 /* Pods-NASA-NASAUITests.release.xcconfig */,
				1152D8FDE598B6BEBB5577EA /* Pods-NASATests.debug.xcconfig */,
				56B393A8E70F7E07B511194F /* Pods-NASATests.release.xcconfig */,
			);
			name = Pods;
			path = Pods;
			sourceTree = "<group>";
		};
		9FC9666325D71F1200830EF7 = {
			isa = PBXGroup;
			children = (
				9FC9666E25D71F1200830EF7 /* NASA */,
				9FC9668825D71F1400830EF7 /* NASATests */,
				9FC9669325D71F1400830EF7 /* NASAUITests */,
				9FC9666D25D71F1200830EF7 /* Products */,
				3A97C2711AD191399C78AB33 /* Pods */,
				A928917E5CFD8D1521A14B32 /* Frameworks */,
			);
			sourceTree = "<group>";
		};
		9FC9666D25D71F1200830EF7 /* Products */ = {
			isa = PBXGroup;
			children = (
				9FC9666C25D71F1200830EF7 /* NASA.app */,
				9FC9668525D71F1400830EF7 /* NASATests.xctest */,
				9FC9669025D71F1400830EF7 /* NASAUITests.xctest */,
			);
			name = Products;
			sourceTree = "<group>";
		};
		9FC9666E25D71F1200830EF7 /* NASA */ = {
			isa = PBXGroup;
			children = (
				9FC9666F25D71F1200830EF7 /* AppDelegate.swift */,
				9FC9667125D71F1200830EF7 /* SceneDelegate.swift */,
				9FC9667325D71F1200830EF7 /* ViewController.swift */,
				9FC9667525D71F1200830EF7 /* Main.storyboard */,
				9FC9667B25D71F1300830EF7 /* Assets.xcassets */,
				9FC9667D25D71F1300830EF7 /* LaunchScreen.storyboard */,
				9FC9668025D71F1300830EF7 /* Info.plist */,
				9FC9667825D71F1200830EF7 /* NASA.xcdatamodeld */,
			);
			path = NASA;
			sourceTree = "<group>";
		};
		9FC9668825D71F1400830EF7 /* NASATests */ = {
			isa = PBXGroup;
			children = (
				9FC9668925D71F1400830EF7 /* NASATests.swift */,
				9FC9668B25D71F1400830EF7 /* Info.plist */,
			);
			path = NASATests;
			sourceTree = "<group>";
		};
		9FC9669325D71F1400830EF7 /* NASAUITests */ = {
			isa = PBXGroup;
			children = (
				9FC9669425D71F1400830EF7 /* NASAUITests.swift */,
				9FC9669625D71F1400830EF7 /* Info.plist */,
			);
			path = NASAUITests;
			sourceTree = "<group>";
		};
		A928917E5CFD8D1521A14B32 /* Frameworks */ = {
			isa = PBXGroup;
			children = (
				7AB191BE402304951EB6FDB7 /* Pods_NASA.framework */,
				3B551707C7603AC0DCE0F3ED /* Pods_NASA_NASAUITests.framework */,
				DD36A2C89A2A847040B0510D /* Pods_NASATests.framework */,
			);
			name = Frameworks;
			sourceTree = "<group>";
		};
/* End PBXGroup section */

/* Begin PBXNativeTarget section */
		9FC9666B25D71F1200830EF7 /* NASA */ = {
			isa = PBXNativeTarget;
			buildConfigurationList = 9FC9669925D71F1400830EF7 /* Build configuration list for PBXNativeTarget "NASA" */;
			buildPhases = (
				94ECDA5B606432603A2DF121 /* [CP] Check Pods Manifest.lock */,
				9FC9666825D71F1200830EF7 /* Sources */,
				9FC9666925D71F1200830EF7 /* Frameworks */,
				9FC9666A25D71F1200830EF7 /* Resources */,
			);
			buildRules = (
			);
			dependencies = (
			);
			name = NASA;
			productName = NASA;
			productReference = 9FC9666C25D71F1200830EF7 /* NASA.app */;
			productType = "com.apple.product-type.application";
		};
		9FC9668425D71F1400830EF7 /* NASATests */ = {
			isa = PBXNativeTarget;
			buildConfigurationList = 9FC9669C25D71F1400830EF7 /* Build configuration list for PBXNativeTarget "NASATests" */;
			buildPhases = (
				287A8EC8DA57099DADDACA59 /* [CP] Check Pods Manifest.lock */,
				9FC9668125D71F1400830EF7 /* Sources */,
				9FC9668225D71F1400830EF7 /* Frameworks */,
				9FC9668325D71F1400830EF7 /* Resources */,
			);
			buildRules = (
			);
			dependencies = (
				9FC9668725D71F1400830EF7 /* PBXTargetDependency */,
			);
			name = NASATests;
			productName = NASATests;
			productReference = 9FC9668525D71F1400830EF7 /* NASATests.xctest */;
			productType = "com.apple.product-type.bundle.unit-test";
		};
		9FC9668F25D71F1400830EF7 /* NASAUITests */ = {
			isa = PBXNativeTarget;
			buildConfigurationList = 9FC9669F25D71F1400830EF7 /* Build configuration list for PBXNativeTarget "NASAUITests" */;
			buildPhases = (
				AD880CCB01C091C505B7B4EC /* [CP] Check Pods Manifest.lock */,
				9FC9668C25D71F1400830EF7 /* Sources */,
				9FC9668D25D71F1400830EF7 /* Frameworks */,
				9FC9668E25D71F1400830EF7 /* Resources */,
			);
			buildRules = (
			);
			dependencies = (
				9FC9669225D71F1400830EF7 /* PBXTargetDependency */,
			);
			name = NASAUITests;
			productName = NASAUITests;
			productReference = 9FC9669025D71F1400830EF7 /* NASAUITests.xctest */;
			productType = "com.apple.product-type.bundle.ui-testing";
		};
/* End PBXNativeTarget section */

/* Begin PBXProject section */
		9FC9666425D71F1200830EF7 /* Project object */ = {
			isa = PBXProject;
			attributes = {
				LastSwiftUpdateCheck = 1130;
				LastUpgradeCheck = 1130;
				ORGANIZATIONNAME = "Matheus Pacheco Fusco";
				TargetAttributes = {
					9FC9666B25D71F1200830EF7 = {
						CreatedOnToolsVersion = 11.3.1;
					};
					9FC9668425D71F1400830EF7 = {
						CreatedOnToolsVersion = 11.3.1;
						TestTargetID = 9FC9666B25D71F1200830EF7;
					};
					9FC9668F25D71F1400830EF7 = {
						CreatedOnToolsVersion = 11.3.1;
						TestTargetID = 9FC9666B25D71F1200830EF7;
					};
				};
			};
			buildConfigurationList = 9FC9666725D71F1200830EF7 /* Build configuration list for PBXProject "NASA" */;
			compatibilityVersion = "Xcode 9.3";
			developmentRegion = en;
			hasScannedForEncodings = 0;
			knownRegions = (
				en,
				Base,
			);
			mainGroup = 9FC9666325D71F1200830EF7;
			productRefGroup = 9FC9666D25D71F1200830EF7 /* Products */;
			projectDirPath = "";
			projectRoot = "";
			targets = (
				9FC9666B25D71F1200830EF7 /* NASA */,
				9FC9668425D71F1400830EF7 /* NASATests */,
				9FC9668F25D71F1400830EF7 /* NASAUITests */,
			);
		};
/* End PBXProject section */

/* Begin PBXResourcesBuildPhase section */
		9FC9666A25D71F1200830EF7 /* Resources */ = {
			isa = PBXResourcesBuildPhase;
			buildActionMask = 2147483647;
			files = (
				9FC9667F25D71F1300830EF7 /* LaunchScreen.storyboard in Resources */,
				9FC9667C25D71F1300830EF7 /* Assets.xcassets in Resources */,
				9FC9667725D71F1200830EF7 /* Main.storyboard in Resources */,
			);
			runOnlyForDeploymentPostprocessing = 0;
		};
		9FC9668325D71F1400830EF7 /* Resources */ = {
			isa = PBXResourcesBuildPhase;
			buildActionMask = 2147483647;
			files = (
			);
			runOnlyForDeploymentPostprocessing = 0;
		};
		9FC9668E25D71F1400830EF7 /* Resources */ = {
			isa = PBXResourcesBuildPhase;
			buildActionMask = 2147483647;
			files = (
			);
			runOnlyForDeploymentPostprocessing = 0;
		};
/* End PBXResourcesBuildPhase section */

/* Begin PBXShellScriptBuildPhase section */
		287A8EC8DA57099DADDACA59 /* [CP] Check Pods Manifest.lock */ = {
			isa = PBXShellScriptBuildPhase;
			buildActionMask = 2147483647;
			files = (
			);
			inputFileListPaths = (
			);
			inputPaths = (
				"${PODS_PODFILE_DIR_PATH}/Podfile.lock",
				"${PODS_ROOT}/Manifest.lock",
			);
			name = "[CP] Check Pods Manifest.lock";
			outputFileListPaths = (
			);
			outputPaths = (
				"$(DERIVED_FILE_DIR)/Pods-NASATests-checkManifestLockResult.txt",
			);
			runOnlyForDeploymentPostprocessing = 0;
			shellPath = /bin/sh;
			shellScript = "diff \"${PODS_PODFILE_DIR_PATH}/Podfile.lock\" \"${PODS_ROOT}/Manifest.lock\" > /dev/null\nif [ $? != 0 ] ; then\n    # print error to STDERR\n    echo \"error: The sandbox is not in sync with the Podfile.lock. Run 'pod install' or update your CocoaPods installation.\" >&2\n    exit 1\nfi\n# This output is used by Xcode 'outputs' to avoid re-running this script phase.\necho \"SUCCESS\" > \"${SCRIPT_OUTPUT_FILE_0}\"\n";
			showEnvVarsInLog = 0;
		};
		94ECDA5B606432603A2DF121 /* [CP] Check Pods Manifest.lock */ = {
			isa = PBXShellScriptBuildPhase;
			buildActionMask = 2147483647;
			files = (
			);
			inputFileListPaths = (
			);
			inputPaths = (
				"${PODS_PODFILE_DIR_PATH}/Podfile.lock",
				"${PODS_ROOT}/Manifest.lock",
			);
			name = "[CP] Check Pods Manifest.lock";
			outputFileListPaths = (
			);
			outputPaths = (
				"$(DERIVED_FILE_DIR)/Pods-NASA-checkManifestLockResult.txt",
			);
			runOnlyForDeploymentPostprocessing = 0;
			shellPath = /bin/sh;
			shellScript = "diff \"${PODS_PODFILE_DIR_PATH}/Podfile.lock\" \"${PODS_ROOT}/Manifest.lock\" > /dev/null\nif [ $? != 0 ] ; then\n    # print error to STDERR\n    echo \"error: The sandbox is not in sync with the Podfile.lock. Run 'pod install' or update your CocoaPods installation.\" >&2\n    exit 1\nfi\n# This output is used by Xcode 'outputs' to avoid re-running this script phase.\necho \"SUCCESS\" > \"${SCRIPT_OUTPUT_FILE_0}\"\n";
			showEnvVarsInLog = 0;
		};
		AD880CCB01C091C505B7B4EC /* [CP] Check Pods Manifest.lock */ = {
			isa = PBXShellScriptBuildPhase;
			buildActionMask = 2147483647;
			files = (
			);
			inputFileListPaths = (
			);
			inputPaths = (
				"${PODS_PODFILE_DIR_PATH}/Podfile.lock",
				"${PODS_ROOT}/Manifest.lock",
			);
			name = "[CP] Check Pods Manifest.lock";
			outputFileListPaths = (
			);
			outputPaths = (
				"$(DERIVED_FILE_DIR)/Pods-NASA-NASAUITests-checkManifestLockResult.txt",
			);
			runOnlyForDeploymentPostprocessing = 0;
			shellPath = /bin/sh;
			shellScript = "diff \"${PODS_PODFILE_DIR_PATH}/Podfile.lock\" \"${PODS_ROOT}/Manifest.lock\" > /dev/null\nif [ $? != 0 ] ; then\n    # print error to STDERR\n    echo \"error: The sandbox is not in sync with the Podfile.lock. Run 'pod install' or update your CocoaPods installation.\" >&2\n    exit 1\nfi\n# This output is used by Xcode 'outputs' to avoid re-running this script phase.\necho \"SUCCESS\" > \"${SCRIPT_OUTPUT_FILE_0}\"\n";
			showEnvVarsInLog = 0;
		};
/* End PBXShellScriptBuildPhase section */

/* Begin PBXSourcesBuildPhase section */
		9FC9666825D71F1200830EF7 /* Sources */ = {
			isa = PBXSourcesBuildPhase;
			buildActionMask = 2147483647;
			files = (
				9FC9667A25D71F1200830EF7 /* NASA.xcdatamodeld in Sources */,
				9FC9667425D71F1200830EF7 /* ViewController.swift in Sources */,
				9FC9667025D71F1200830EF7 /* AppDelegate.swift in Sources */,
				9FC9667225D71F1200830EF7 /* SceneDelegate.swift in Sources */,
			);
			runOnlyForDeploymentPostprocessing = 0;
		};
		9FC9668125D71F1400830EF7 /* Sources */ = {
			isa = PBXSourcesBuildPhase;
			buildActionMask = 2147483647;
			files = (
				9FC9668A25D71F1400830EF7 /* NASATests.swift in Sources */,
			);
			runOnlyForDeploymentPostprocessing = 0;
		};
		9FC9668C25D71F1400830EF7 /* Sources */ = {
			isa = PBXSourcesBuildPhase;
			buildActionMask = 2147483647;
			files = (
				9FC9669525D71F1400830EF7 /* NASAUITests.swift in Sources */,
			);
			runOnlyForDeploymentPostprocessing = 0;
		};
/* End PBXSourcesBuildPhase section */

/* Begin PBXTargetDependency section */
		9FC9668725D71F1400830EF7 /* PBXTargetDependency */ = {
			isa = PBXTargetDependency;
			target = 9FC9666B25D71F1200830EF7 /* NASA */;
			targetProxy = 9FC9668625D71F1400830EF7 /* PBXContainerItemProxy */;
		};
		9FC9669225D71F1400830EF7 /* PBXTargetDependency */ = {
			isa = PBXTargetDependency;
			target = 9FC9666B25D71F1200830EF7 /* NASA */;
			targetProxy = 9FC9669125D71F1400830EF7 /* PBXContainerItemProxy */;
		};
/* End PBXTargetDependency section */

/* Begin PBXVariantGroup section */
		9FC9667525D71F1200830EF7 /* Main.storyboard */ = {
			isa = PBXVariantGroup;
			children = (
				9FC9667625D71F1200830EF7 /* Base */,
			);
			name = Main.storyboard;
			sourceTree = "<group>";
		};
		9FC9667D25D71F1300830EF7 /* LaunchScreen.storyboard */ = {
			isa = PBXVariantGroup;
			children = (
				9FC9667E25D71F1300830EF7 /* Base */,
			);
			name = LaunchScreen.storyboard;
			sourceTree = "<group>";
		};
/* End PBXVariantGroup section */

/* Begin XCBuildConfiguration section */
		9FC9669725D71F1400830EF7 /* Debug */ = {
			isa = XCBuildConfiguration;
			buildSettings = {
				ALWAYS_SEARCH_USER_PATHS = NO;
				CLANG_ANALYZER_NONNULL = YES;
				CLANG_ANALYZER_NUMBER_OBJECT_CONVERSION = YES_AGGRESSIVE;
				CLANG_CXX_LANGUAGE_STANDARD = "gnu++14";
				CLANG_CXX_LIBRARY = "libc++";
				CLANG_ENABLE_MODULES = YES;
				CLANG_ENABLE_OBJC_ARC = YES;
				CLANG_ENABLE_OBJC_WEAK = YES;
				CLANG_WARN_BLOCK_CAPTURE_AUTORELEASING = YES;
				CLANG_WARN_BOOL_CONVERSION = YES;
				CLANG_WARN_COMMA = YES;
				CLANG_WARN_CONSTANT_CONVERSION = YES;
				CLANG_WARN_DEPRECATED_OBJC_IMPLEMENTATIONS = YES;
				CLANG_WARN_DIRECT_OBJC_ISA_USAGE = YES_ERROR;
				CLANG_WARN_DOCUMENTATION_COMMENTS = YES;
				CLANG_WARN_EMPTY_BODY = YES;
				CLANG_WARN_ENUM_CONVERSION = YES;
				CLANG_WARN_INFINITE_RECURSION = YES;
				CLANG_WARN_INT_CONVERSION = YES;
				CLANG_WARN_NON_LITERAL_NULL_CONVERSION = YES;
				CLANG_WARN_OBJC_IMPLICIT_RETAIN_SELF = YES;
				CLANG_WARN_OBJC_LITERAL_CONVERSION = YES;
				CLANG_WARN_OBJC_ROOT_CLASS = YES_ERROR;
				CLANG_WARN_RANGE_LOOP_ANALYSIS = YES;
				CLANG_WARN_STRICT_PROTOTYPES = YES;
				CLANG_WARN_SUSPICIOUS_MOVE = YES;
				CLANG_WARN_UNGUARDED_AVAILABILITY = YES_AGGRESSIVE;
				CLANG_WARN_UNREACHABLE_CODE = YES;
				CLANG_WARN__DUPLICATE_METHOD_MATCH = YES;
				COPY_PHASE_STRIP = NO;
				DEBUG_INFORMATION_FORMAT = dwarf;
				ENABLE_STRICT_OBJC_MSGSEND = YES;
				ENABLE_TESTABILITY = YES;
				GCC_C_LANGUAGE_STANDARD = gnu11;
				GCC_DYNAMIC_NO_PIC = NO;
				GCC_NO_COMMON_BLOCKS = YES;
				GCC_OPTIMIZATION_LEVEL = 0;
				GCC_PREPROCESSOR_DEFINITIONS = (
					"DEBUG=1",
					"$(inherited)",
				);
				GCC_WARN_64_TO_32_BIT_CONVERSION = YES;
				GCC_WARN_ABOUT_RETURN_TYPE = YES_ERROR;
				GCC_WARN_UNDECLARED_SELECTOR = YES;
				GCC_WARN_UNINITIALIZED_AUTOS = YES_AGGRESSIVE;
				GCC_WARN_UNUSED_FUNCTION = YES;
				GCC_WARN_UNUSED_VARIABLE = YES;
				IPHONEOS_DEPLOYMENT_TARGET = 13.2;
				MTL_ENABLE_DEBUG_INFO = INCLUDE_SOURCE;
				MTL_FAST_MATH = YES;
				ONLY_ACTIVE_ARCH = YES;
				SDKROOT = iphoneos;
				SWIFT_ACTIVE_COMPILATION_CONDITIONS = DEBUG;
				SWIFT_OPTIMIZATION_LEVEL = "-Onone";
			};
			name = Debug;
		};
		9FC9669825D71F1400830EF7 /* Release */ = {
			isa = XCBuildConfiguration;
			buildSettings = {
				ALWAYS_SEARCH_USER_PATHS = NO;
				CLANG_ANALYZER_NONNULL = YES;
				CLANG_ANALYZER_NUMBER_OBJECT_CONVERSION = YES_AGGRESSIVE;
				CLANG_CXX_LANGUAGE_STANDARD = "gnu++14";
				CLANG_CXX_LIBRARY = "libc++";
				CLANG_ENABLE_MODULES = YES;
				CLANG_ENABLE_OBJC_ARC = YES;
				CLANG_ENABLE_OBJC_WEAK = YES;
				CLANG_WARN_BLOCK_CAPTURE_AUTORELEASING = YES;
				CLANG_WARN_BOOL_CONVERSION = YES;
				CLANG_WARN_COMMA = YES;
				CLANG_WARN_CONSTANT_CONVERSION = YES;
				CLANG_WARN_DEPRECATED_OBJC_IMPLEMENTATIONS = YES;
				CLANG_WARN_DIRECT_OBJC_ISA_USAGE = YES_ERROR;
				CLANG_WARN_DOCUMENTATION_COMMENTS = YES;
				CLANG_WARN_EMPTY_BODY = YES;
				CLANG_WARN_ENUM_CONVERSION = YES;
				CLANG_WARN_INFINITE_RECURSION = YES;
				CLANG_WARN_INT_CONVERSION = YES;
				CLANG_WARN_NON_LITERAL_NULL_CONVERSION = YES;
				CLANG_WARN_OBJC_IMPLICIT_RETAIN_SELF = YES;
				CLANG_WARN_OBJC_LITERAL_CONVERSION = YES;
				CLANG_WARN_OBJC_ROOT_CLASS = YES_ERROR;
				CLANG_WARN_RANGE_LOOP_ANALYSIS = YES;
				CLANG_WARN_STRICT_PROTOTYPES = YES;
				CLANG_WARN_SUSPICIOUS_MOVE = YES;
				CLANG_WARN_UNGUARDED_AVAILABILITY = YES_AGGRESSIVE;
				CLANG_WARN_UNREACHABLE_CODE = YES;
				CLANG_WARN__DUPLICATE_METHOD_MATCH = YES;
				COPY_PHASE_STRIP = NO;
				DEBUG_INFORMATION_FORMAT = "dwarf-with-dsym";
				ENABLE_NS_ASSERTIONS = NO;
				ENABLE_STRICT_OBJC_MSGSEND = YES;
				GCC_C_LANGUAGE_STANDARD = gnu11;
				GCC_NO_COMMON_BLOCKS = YES;
				GCC_WARN_64_TO_32_BIT_CONVERSION = YES;
				GCC_WARN_ABOUT_RETURN_TYPE = YES_ERROR;
				GCC_WARN_UNDECLARED_SELECTOR = YES;
				GCC_WARN_UNINITIALIZED_AUTOS = YES_AGGRESSIVE;
				GCC_WARN_UNUSED_FUNCTION = YES;
				GCC_WARN_UNUSED_VARIABLE = YES;
				IPHONEOS_DEPLOYMENT_TARGET = 13.2;
				MTL_ENABLE_DEBUG_INFO = NO;
				MTL_FAST_MATH = YES;
				SDKROOT = iphoneos;
				SWIFT_COMPILATION_MODE = wholemodule;
				SWIFT_OPTIMIZATION_LEVEL = "-O";
				VALIDATE_PRODUCT = YES;
			};
			name = Release;
		};
		9FC9669A25D71F1400830EF7 /* Debug */ = {
			isa = XCBuildConfiguration;
			baseConfigurationReference = 9165316174BE1C8AC3C36238 /* Pods-NASA.debug.xcconfig */;
			buildSettings = {
				ASSETCATALOG_COMPILER_APPICON_NAME = AppIcon;
				CODE_SIGN_STYLE = Automatic;
				INFOPLIST_FILE = NASA/Info.plist;
				IPHONEOS_DEPLOYMENT_TARGET = 12.4;
				LD_RUNPATH_SEARCH_PATHS = (
					"$(inherited)",
					"@executable_path/Frameworks",
				);
				PRODUCT_BUNDLE_IDENTIFIER = fuscoDeveloper.NASA;
				PRODUCT_NAME = "$(TARGET_NAME)";
				SWIFT_VERSION = 5.0;
				TARGETED_DEVICE_FAMILY = "1,2";
			};
			name = Debug;
		};
		9FC9669B25D71F1400830EF7 /* Release */ = {
			isa = XCBuildConfiguration;
			baseConfigurationReference = 278187EE07FE72B84EC084B0 /* Pods-NASA.release.xcconfig */;
			buildSettings = {
				ASSETCATALOG_COMPILER_APPICON_NAME = AppIcon;
				CODE_SIGN_STYLE = Automatic;
				INFOPLIST_FILE = NASA/Info.plist;
				IPHONEOS_DEPLOYMENT_TARGET = 12.4;
				LD_RUNPATH_SEARCH_PATHS = (
					"$(inherited)",
					"@executable_path/Frameworks",
				);
				PRODUCT_BUNDLE_IDENTIFIER = fuscoDeveloper.NASA;
				PRODUCT_NAME = "$(TARGET_NAME)";
				SWIFT_VERSION = 5.0;
				TARGETED_DEVICE_FAMILY = "1,2";
			};
			name = Release;
		};
		9FC9669D25D71F1400830EF7 /* Debug */ = {
			isa = XCBuildConfiguration;
			baseConfigurationReference = 1152D8FDE598B6BEBB5577EA /* Pods-NASATests.debug.xcconfig */;
			buildSettings = {
				ALWAYS_EMBED_SWIFT_STANDARD_LIBRARIES = YES;
				BUNDLE_LOADER = "$(TEST_HOST)";
				CODE_SIGN_STYLE = Automatic;
				INFOPLIST_FILE = NASATests/Info.plist;
				IPHONEOS_DEPLOYMENT_TARGET = 13.2;
				LD_RUNPATH_SEARCH_PATHS = (
					"$(inherited)",
					"@executable_path/Frameworks",
					"@loader_path/Frameworks",
				);
				PRODUCT_BUNDLE_IDENTIFIER = fuscoDeveloper.NASATests;
				PRODUCT_NAME = "$(TARGET_NAME)";
				SWIFT_VERSION = 5.0;
				TARGETED_DEVICE_FAMILY = "1,2";
				TEST_HOST = "$(BUILT_PRODUCTS_DIR)/NASA.app/NASA";
			};
			name = Debug;
		};
		9FC9669E25D71F1400830EF7 /* Release */ = {
			isa = XCBuildConfiguration;
			baseConfigurationReference = 56B393A8E70F7E07B511194F /* Pods-NASATests.release.xcconfig */;
			buildSettings = {
				ALWAYS_EMBED_SWIFT_STANDARD_LIBRARIES = YES;
				BUNDLE_LOADER = "$(TEST_HOST)";
				CODE_SIGN_STYLE = Automatic;
				INFOPLIST_FILE = NASATests/Info.plist;
				IPHONEOS_DEPLOYMENT_TARGET = 13.2;
				LD_RUNPATH_SEARCH_PATHS = (
					"$(inherited)",
					"@executable_path/Frameworks",
					"@loader_path/Frameworks",
				);
				PRODUCT_BUNDLE_IDENTIFIER = fuscoDeveloper.NASATests;
				PRODUCT_NAME = "$(TARGET_NAME)";
				SWIFT_VERSION = 5.0;
				TARGETED_DEVICE_FAMILY = "1,2";
				TEST_HOST = "$(BUILT_PRODUCTS_DIR)/NASA.app/NASA";
			};
			name = Release;
		};
		9FC966A025D71F1400830EF7 /* Debug */ = {
			isa = XCBuildConfiguration;
			baseConfigurationReference = 87FC1F343D32079E3E726161 /* Pods-NASA-NASAUITests.debug.xcconfig */;
			buildSettings = {
				ALWAYS_EMBED_SWIFT_STANDARD_LIBRARIES = YES;
				CODE_SIGN_STYLE = Automatic;
				INFOPLIST_FILE = NASAUITests/Info.plist;
				LD_RUNPATH_SEARCH_PATHS = (
					"$(inherited)",
					"@executable_path/Frameworks",
					"@loader_path/Frameworks",
				);
				PRODUCT_BUNDLE_IDENTIFIER = fuscoDeveloper.NASAUITests;
				PRODUCT_NAME = "$(TARGET_NAME)";
				SWIFT_VERSION = 5.0;
				TARGETED_DEVICE_FAMILY = "1,2";
				TEST_TARGET_NAME = NASA;
			};
			name = Debug;
		};
		9FC966A125D71F1400830EF7 /* Release */ = {
			isa = XCBuildConfiguration;
			baseConfigurationReference = 475D9D734BF409060933FBA5 /* Pods-NASA-NASAUITests.release.xcconfig */;
			buildSettings = {
				ALWAYS_EMBED_SWIFT_STANDARD_LIBRARIES = YES;
				CODE_SIGN_STYLE = Automatic;
				INFOPLIST_FILE = NASAUITests/Info.plist;
				LD_RUNPATH_SEARCH_PATHS = (
					"$(inherited)",
					"@executable_path/Frameworks",
					"@loader_path/Frameworks",
				);
				PRODUCT_BUNDLE_IDENTIFIER = fuscoDeveloper.NASAUITests;
				PRODUCT_NAME = "$(TARGET_NAME)";
				SWIFT_VERSION = 5.0;
				TARGETED_DEVICE_FAMILY = "1,2";
				TEST_TARGET_NAME = NASA;
			};
			name = Release;
		};
/* End XCBuildConfiguration section */

/* Begin XCConfigurationList section */
		9FC9666725D71F1200830EF7 /* Build configuration list for PBXProject "NASA" */ = {
			isa = XCConfigurationList;
			buildConfigurations = (
				9FC9669725D71F1400830EF7 /* Debug */,
				9FC9669825D71F1400830EF7 /* Release */,
			);
			defaultConfigurationIsVisible = 0;
			defaultConfigurationName = Release;
		};
		9FC9669925D71F1400830EF7 /* Build configuration list for PBXNativeTarget "NASA" */ = {
			isa = XCConfigurationList;
			buildConfigurations = (
				9FC9669A25D71F1400830EF7 /* Debug */,
				9FC9669B25D71F1400830EF7 /* Release */,
			);
			defaultConfigurationIsVisible = 0;
			defaultConfigurationName = Release;
		};
		9FC9669C25D71F1400830EF7 /* Build configuration list for PBXNativeTarget "NASATests" */ = {
			isa = XCConfigurationList;
			buildConfigurations = (
				9FC9669D25D71F1400830EF7 /* Debug */,
				9FC9669E25D71F1400830EF7 /* Release */,
			);
			defaultConfigurationIsVisible = 0;
			defaultConfigurationName = Release;
		};
		9FC9669F25D71F1400830EF7 /* Build configuration list for PBXNativeTarget "NASAUITests" */ = {
			isa = XCConfigurationList;
			buildConfigurations = (
				9FC966A025D71F1400830EF7 /* Debug */,
				9FC966A125D71F1400830EF7 /* Release */,
			);
			defaultConfigurationIsVisible = 0;
			defaultConfigurationName = Release;
		};
/* End XCConfigurationList section */

/* Begin XCVersionGroup section */
		9FC9667825D71F1200830EF7 /* NASA.xcdatamodeld */ = {
			isa = XCVersionGroup;
			children = (
				9FC9667925D71F1200830EF7 /* NASA.xcdatamodel */,
			);
			currentVersion = 9FC9667925D71F1200830EF7 /* NASA.xcdatamodel */;
			path = NASA.xcdatamodeld;
			sourceTree = "<group>";
			versionGroupType = wrapper.xcdatamodel;
		};
/* End XCVersionGroup section */
	};
	rootObject = 9FC9666425D71F1200830EF7 /* Project object */;
}
